
Microsoft Visual Studio Solution File, Format Version 12.00
# Visual Studio Version 16
VisualStudioVersion = 16.0.31005.135
MinimumVisualStudioVersion = 10.0.40219.1
Project("{2150E333-8FDC-42A3-9474-1A3956D46DE8}") = "src", "src", "{B367A8AC-5AB2-4E98-A51A-170081377F24}"
EndProject
Project("{2150E333-8FDC-42A3-9474-1A3956D46DE8}") = "FactoryDesignPattern", "FactoryDesignPattern", "{EBDE7987-9136-42BF-AE6F-C0EF05B0BE9A}"
EndProject
Project("{FAE04EC0-301F-11D3-BF4B-00C04F79EFBC}") = "FactoryDesignPatternApp", "src\FactoryDesignPatternApp\FactoryDesignPatternApp.csproj", "{CE7BB26D-515D-45FC-90BA-8379ADBBBDCC}"
EndProject
Project("{2150E333-8FDC-42A3-9474-1A3956D46DE8}") = "AbstractDesignPattern", "AbstractDesignPattern", "{C330D35B-90B1-46C2-A983-82F104C788F9}"
EndProject
Project("{FAE04EC0-301F-11D3-BF4B-00C04F79EFBC}") = "AbstractFactoryDesignPatternApp", "src\AbstractFactoryDesignPatternApp\AbstractFactoryDesignPatternApp.csproj", "{D4816B22-98C1-4FEB-930D-99039FE6FB0E}"
EndProject
Project("{2150E333-8FDC-42A3-9474-1A3956D46DE8}") = "BuilderDesignPattern", "BuilderDesignPattern", "{4993FE2E-9FEB-4EDA-8C2F-AF0CB26FC620}"
EndProject
Project("{FAE04EC0-301F-11D3-BF4B-00C04F79EFBC}") = "BuilderDesignPatternApp", "src\BuilderDesignPatternApp\BuilderDesignPatternApp.csproj", "{D45DEB27-4B15-4E5D-9ADA-CE24B189A474}"
EndProject
Project("{2150E333-8FDC-42A3-9474-1A3956D46DE8}") = "FluentInterfaceDesignPattern", "FluentInterfaceDesignPattern", "{758D6179-A1DB-441C-B2E1-CBA13BF466D1}"
EndProject
Project("{FAE04EC0-301F-11D3-BF4B-00C04F79EFBC}") = "FluentInterfaceDesignPatternApp", "src\FluentInterfaceDesignPatternApp\FluentInterfaceDesignPatternApp.csproj", "{A900F79D-45D3-4799-A85A-0832E0A50E89}"
EndProject
Project("{2150E333-8FDC-42A3-9474-1A3956D46DE8}") = "SingletonDesignPattern", "SingletonDesignPattern", "{27D93BC6-F8A9-44AA-BE3B-8606B726EE7D}"
EndProject
Project("{FAE04EC0-301F-11D3-BF4B-00C04F79EFBC}") = "SingletonDesignPatternApp", "src\SingletonDesignPattern\SingletonDesignPatternApp\SingletonDesignPatternApp.csproj", "{FCB318AE-6B38-46F5-9CEB-344A62337D6D}"
EndProject
Project("{2150E333-8FDC-42A3-9474-1A3956D46DE8}") = "PrototypeDesignPattern", "PrototypeDesignPattern", "{0B921321-019B-4DC3-A751-D670B2473169}"
EndProject
Project("{FAE04EC0-301F-11D3-BF4B-00C04F79EFBC}") = "PrototypeDesignPatternApp", "src\PrototypeDesignPatternApp\PrototypeDesignPatternApp.csproj", "{6E1F08CD-5081-4949-A1A6-27F05A630CD6}"
EndProject
Project("{2150E333-8FDC-42A3-9474-1A3956D46DE8}") = "OutboxDesignPattern", "OutboxDesignPattern", "{70A344C8-0F72-4FCB-A9C5-297F6FCF7663}"
EndProject
Project("{FAE04EC0-301F-11D3-BF4B-00C04F79EFBC}") = "OutboxDesignPatternApp", "src\OutboxDesignPattern\OutboxDesignPatternApp\OutboxDesignPatternApp.csproj", "{B322B0B8-6FA0-4861-8351-228FEB424B7B}"
EndProject
Project("{2150E333-8FDC-42A3-9474-1A3956D46DE8}") = "SagaDesignPattern", "SagaDesignPattern", "{F167071C-606A-467A-939C-A26ACEEC5AAF}"
EndProject
Project("{FAE04EC0-301F-11D3-BF4B-00C04F79EFBC}") = "SagaDesignPatternApp", "src\SagaDesignPatternApp\SagaDesignPatternApp.csproj", "{EF98E9AA-2EB1-4F86-8C5F-9B2CEA235646}"
EndProject
Global
	GlobalSection(SolutionConfigurationPlatforms) = preSolution
		Debug|Any CPU = Debug|Any CPU
		Release|Any CPU = Release|Any CPU
	EndGlobalSection
	GlobalSection(ProjectConfigurationPlatforms) = postSolution
		{CE7BB26D-515D-45FC-90BA-8379ADBBBDCC}.Debug|Any CPU.ActiveCfg = Debug|Any CPU
		{CE7BB26D-515D-45FC-90BA-8379ADBBBDCC}.Debug|Any CPU.Build.0 = Debug|Any CPU
		{CE7BB26D-515D-45FC-90BA-8379ADBBBDCC}.Release|Any CPU.ActiveCfg = Release|Any CPU
		{CE7BB26D-515D-45FC-90BA-8379ADBBBDCC}.Release|Any CPU.Build.0 = Release|Any CPU
		{D4816B22-98C1-4FEB-930D-99039FE6FB0E}.Debug|Any CPU.ActiveCfg = Debug|Any CPU
		{D4816B22-98C1-4FEB-930D-99039FE6FB0E}.Debug|Any CPU.Build.0 = Debug|Any CPU
		{D4816B22-98C1-4FEB-930D-99039FE6FB0E}.Release|Any CPU.ActiveCfg = Release|Any CPU
		{D4816B22-98C1-4FEB-930D-99039FE6FB0E}.Release|Any CPU.Build.0 = Release|Any CPU
		{D45DEB27-4B15-4E5D-9ADA-CE24B189A474}.Debug|Any CPU.ActiveCfg = Debug|Any CPU
		{D45DEB27-4B15-4E5D-9ADA-CE24B189A474}.Debug|Any CPU.Build.0 = Debug|Any CPU
		{D45DEB27-4B15-4E5D-9ADA-CE24B189A474}.Release|Any CPU.ActiveCfg = Release|Any CPU
		{D45DEB27-4B15-4E5D-9ADA-CE24B189A474}.Release|Any CPU.Build.0 = Release|Any CPU
		{A900F79D-45D3-4799-A85A-0832E0A50E89}.Debug|Any CPU.ActiveCfg = Debug|Any CPU
		{A900F79D-45D3-4799-A85A-0832E0A50E89}.Debug|Any CPU.Build.0 = Debug|Any CPU
		{A900F79D-45D3-4799-A85A-0832E0A50E89}.Release|Any CPU.ActiveCfg = Release|Any CPU
		{A900F79D-45D3-4799-A85A-0832E0A50E89}.Release|Any CPU.Build.0 = Release|Any CPU
		{FCB318AE-6B38-46F5-9CEB-344A62337D6D}.Debug|Any CPU.ActiveCfg = Debug|Any CPU
		{FCB318AE-6B38-46F5-9CEB-344A62337D6D}.Debug|Any CPU.Build.0 = Debug|Any CPU
		{FCB318AE-6B38-46F5-9CEB-344A62337D6D}.Release|Any CPU.ActiveCfg = Release|Any CPU
		{FCB318AE-6B38-46F5-9CEB-344A62337D6D}.Release|Any CPU.Build.0 = Release|Any CPU
		{6E1F08CD-5081-4949-A1A6-27F05A630CD6}.Debug|Any CPU.ActiveCfg = Debug|Any CPU
		{6E1F08CD-5081-4949-A1A6-27F05A630CD6}.Debug|Any CPU.Build.0 = Debug|Any CPU
		{6E1F08CD-5081-4949-A1A6-27F05A630CD6}.Release|Any CPU.ActiveCfg = Release|Any CPU
		{6E1F08CD-5081-4949-A1A6-27F05A630CD6}.Release|Any CPU.Build.0 = Release|Any CPU
		{B322B0B8-6FA0-4861-8351-228FEB424B7B}.Debug|Any CPU.ActiveCfg = Debug|Any CPU
		{B322B0B8-6FA0-4861-8351-228FEB424B7B}.Debug|Any CPU.Build.0 = Debug|Any CPU
		{B322B0B8-6FA0-4861-8351-228FEB424B7B}.Release|Any CPU.ActiveCfg = Release|Any CPU
		{B322B0B8-6FA0-4861-8351-228FEB424B7B}.Release|Any CPU.Build.0 = Release|Any CPU
		{EF98E9AA-2EB1-4F86-8C5F-9B2CEA235646}.Debug|Any CPU.ActiveCfg = Debug|Any CPU
		{EF98E9AA-2EB1-4F86-8C5F-9B2CEA235646}.Debug|Any CPU.Build.0 = Debug|Any CPU
		{EF98E9AA-2EB1-4F86-8C5F-9B2CEA235646}.Release|Any CPU.ActiveCfg = Release|Any CPU
		{EF98E9AA-2EB1-4F86-8C5F-9B2CEA235646}.Release|Any CPU.Build.0 = Release|Any CPU
	EndGlobalSection
	GlobalSection(SolutionProperties) = preSolution
		HideSolutionNode = FALSE
	EndGlobalSection
	GlobalSection(NestedProjects) = preSolution
		{EBDE7987-9136-42BF-AE6F-C0EF05B0BE9A} = {B367A8AC-5AB2-4E98-A51A-170081377F24}
		{CE7BB26D-515D-45FC-90BA-8379ADBBBDCC} = {EBDE7987-9136-42BF-AE6F-C0EF05B0BE9A}
		{C330D35B-90B1-46C2-A983-82F104C788F9} = {B367A8AC-5AB2-4E98-A51A-170081377F24}
		{D4816B22-98C1-4FEB-930D-99039FE6FB0E} = {C330D35B-90B1-46C2-A983-82F104C788F9}
		{4993FE2E-9FEB-4EDA-8C2F-AF0CB26FC620} = {B367A8AC-5AB2-4E98-A51A-170081377F24}
		{D45DEB27-4B15-4E5D-9ADA-CE24B189A474} = {4993FE2E-9FEB-4EDA-8C2F-AF0CB26FC620}
		{758D6179-A1DB-441C-B2E1-CBA13BF466D1} = {B367A8AC-5AB2-4E98-A51A-170081377F24}
		{A900F79D-45D3-4799-A85A-0832E0A50E89} = {758D6179-A1DB-441C-B2E1-CBA13BF466D1}
		{27D93BC6-F8A9-44AA-BE3B-8606B726EE7D} = {B367A8AC-5AB2-4E98-A51A-170081377F24}
		{FCB318AE-6B38-46F5-9CEB-344A62337D6D} = {27D93BC6-F8A9-44AA-BE3B-8606B726EE7D}
		{0B921321-019B-4DC3-A751-D670B2473169} = {B367A8AC-5AB2-4E98-A51A-170081377F24}
		{6E1F08CD-5081-4949-A1A6-27F05A630CD6} = {0B921321-019B-4DC3-A751-D670B2473169}
		{70A344C8-0F72-4FCB-A9C5-297F6FCF7663} = {B367A8AC-5AB2-4E98-A51A-170081377F24}
		{B322B0B8-6FA0-4861-8351-228FEB424B7B} = {70A344C8-0F72-4FCB-A9C5-297F6FCF7663}
		{F167071C-606A-467A-939C-A26ACEEC5AAF} = {B367A8AC-5AB2-4E98-A51A-170081377F24}
		{EF98E9AA-2EB1-4F86-8C5F-9B2CEA235646} = {F167071C-606A-467A-939C-A26ACEEC5AAF}
	EndGlobalSection
	GlobalSection(ExtensibilityGlobals) = postSolution
		SolutionGuid = {CC3C23D8-E9EA-454E-89B3-771ECE43B27F}
	EndGlobalSection
EndGlobal
